PODS:
  - AFNetworking (3.1.0):
    - AFNetworking/NSURLSession (= 3.1.0)
    - AFNetworking/Reachability (= 3.1.0)
    - AFNetworking/Security (= 3.1.0)
    - AFNetworking/Serialization (= 3.1.0)
    - AFNetworking/UIKit (= 3.1.0)
  - AFNetworking/NSURLSession (3.1.0):
    - AFNetworking/Reachability
    - AFNetworking/Security
    - AFNetworking/Serialization
  - AFNetworking/Reachability (3.1.0)
  - AFNetworking/Security (3.1.0)
  - AFNetworking/Serialization (3.1.0)
  - AFNetworking/UIKit (3.1.0):
    - AFNetworking/NSURLSession
  - AFViewShaker (0.0.4)
  - Bolts/Tasks (1.8.4)
  - CSNotificationView (0.5.4)
  - HanekeSwift (0.10.1)
  - IHKeyboardAvoiding (3.7)
  - NSDate+RelativeTime (1.0.1)
  - OneSignal (2.5.2)
  - Parse (1.14.4):
    - Bolts/Tasks (~> 1.8)
  - PhoneNumberKit (1.2.3):
    - PhoneNumberKit/PhoneNumberKitCore (= 1.2.3)
    - PhoneNumberKit/UIKit (= 1.2.3)
  - PhoneNumberKit/PhoneNumberKitCore (1.2.3)
  - PhoneNumberKit/UIKit (1.2.3):
    - PhoneNumberKit/PhoneNumberKitCore
  - SVProgressHUD (2.1.2)
  - UIImage-Resize (1.0.1)

DEPENDENCIES:
  - AFNetworking (from `https://github.com/AFNetworking/AFNetworking.git`)
  - AFViewShaker (>= 0.0.2)
  - CSNotificationView (>= 0.5)
  - HanekeSwift (from `https://github.com/Haneke/HanekeSwift.git`)
  - IHKeyboardAvoiding (>= 1.1)
  - NSDate+RelativeTime (>= 1.0)
  - OneSignal (< 3.0, >= 2.5.2)
  - Parse
  - PhoneNumberKit (>= 1.1.1)
  - SVProgressHUD (from `https://github.com/SVProgressHUD/SVProgressHUD.git`)
  - UIImage-Resize (>= 1.0)

EXTERNAL SOURCES:
  AFNetworking:
    :git: https://github.com/AFNetworking/AFNetworking.git
  HanekeSwift:
    :git: https://github.com/Haneke/HanekeSwift.git
  SVProgressHUD:
    :git: https://github.com/SVProgressHUD/SVProgressHUD.git

CHECKOUT OPTIONS:
  AFNetworking:
    :commit: 4f3c694920ed0f5d3a8e180aacaf3af40c2efb4a
    :git: https://github.com/AFNetworking/AFNetworking.git
  HanekeSwift:
    :commit: 694d6df380a2a7450754f2910996fdd650964df2
    :git: https://github.com/Haneke/HanekeSwift.git
  SVProgressHUD:
    :commit: bd3f0ab86f8f4084cf6ff09cd1d98bc76456b90b
    :git: https://github.com/SVProgressHUD/SVProgressHUD.git

SPEC CHECKSUMS:
  AFNetworking: 5e0e199f73d8626b11e79750991f5d173d1f8b67
  AFViewShaker: 4296c638c24a037e02727b40d89d8f178df3b3f4
  Bolts: 8a7995239dbe724f9cba2248b766d48b7ebdd322
  CSNotificationView: 0792f5220163c2befaf1a9716aa3d5a7d6bd4fb1
  HanekeSwift: 4113367892828e7700d24a384027de6ebc79aad1
  IHKeyboardAvoiding: 4c852fae85667469307678c65f14f5cac8a7be92
  NSDate+RelativeTime: 1b03a562615a4496a826e322096e5792e6706612
  OneSignal: 66d08b6b1e3c3858cbf28207ed20f1fa865ab2a2
  Parse: b0aa91d2c435e53d4a9af26e741e014c9b35c42e
  PhoneNumberKit: 1e5cca669113fc361a8c82ec1ee559c62b8cd0f7
  SVProgressHUD: d65371a8e4482380deddb9fe60e14e59ddb30eb3
  UIImage-Resize: fa776860f10e6900bbaf53a73e494bdceaaccc77

PODFILE CHECKSUM: 552a46890d32e72be08fd2b1299714e776e52746

COCOAPODS: 1.2.1
