PODS:
  - AFNetworking (3.2.1):
    - AFNetworking/NSURLSession (= 3.2.1)
    - AFNetworking/Reachability (= 3.2.1)
    - AFNetworking/Security (= 3.2.1)
    - AFNetworking/Serialization (= 3.2.1)
    - AFNetworking/UIKit (= 3.2.1)
  - AFNetworking/NSURLSession (3.2.1):
    - AFNetworking/Reachability
    - AFNetworking/Security
    - AFNetworking/Serialization
  - AFNetworking/Reachability (3.2.1)
  - AFNetworking/Security (3.2.1)
  - AFNetworking/Serialization (3.2.1)
  - AFNetworking/UIKit (3.2.1):
    - AFNetworking/NSURLSession
  - AFViewShaker (0.0.5)
  - Bolts/Tasks (1.9.0)
  - CSNotificationView (0.5.4)
  - HanekeSwift (1.1)
  - IHKeyboardAvoiding (4.2)
  - "NSDate+RelativeTime (1.0.1)"
  - OneSignal (2.8.4)
  - Parse (1.17.1):
    - Parse/Core (= 1.17.1)
  - Parse/Core (1.17.1):
    - Bolts/Tasks (~> 1.9)
  - PhoneNumberKit (2.1.0):
    - PhoneNumberKit/PhoneNumberKitCore (= 2.1.0)
    - PhoneNumberKit/UIKit (= 2.1.0)
  - PhoneNumberKit/PhoneNumberKitCore (2.1.0)
  - PhoneNumberKit/UIKit (2.1.0):
    - PhoneNumberKit/PhoneNumberKitCore
  - SVProgressHUD (2.2.5)
  - UIImage-Resize (1.0.1)

DEPENDENCIES:
  - AFNetworking (from `https://github.com/AFNetworking/AFNetworking.git`)
  - AFViewShaker (>= 0.0.2)
  - CSNotificationView (>= 0.5)
  - HanekeSwift (from `https://github.com/Haneke/HanekeSwift.git`)
  - IHKeyboardAvoiding (>= 1.1)
  - "NSDate+RelativeTime (>= 1.0)"
  - OneSignal (< 3.0, >= 2.5.2)
  - Parse
  - PhoneNumberKit (>= 1.1.1)
  - SVProgressHUD (from `https://github.com/SVProgressHUD/SVProgressHUD.git`)
  - UIImage-Resize (>= 1.0)

SPEC REPOS:
  https://github.com/cocoapods/specs.git:
    - AFViewShaker
    - Bolts
    - CSNotificationView
    - IHKeyboardAvoiding
    - "NSDate+RelativeTime"
    - OneSignal
    - Parse
    - PhoneNumberKit
    - UIImage-Resize

EXTERNAL SOURCES:
  AFNetworking:
    :git: https://github.com/AFNetworking/AFNetworking.git
  HanekeSwift:
    :git: https://github.com/Haneke/HanekeSwift.git
  SVProgressHUD:
    :git: https://github.com/SVProgressHUD/SVProgressHUD.git

CHECKOUT OPTIONS:
  AFNetworking:
    :commit: 746f6c3a1e2c3a3dfbac1c3d18c08a5d121c8df3
    :git: https://github.com/AFNetworking/AFNetworking.git
  HanekeSwift:
    :commit: a6dfc25c343d2fcdeefd8cbf251a3d7b755adc3a
    :git: https://github.com/Haneke/HanekeSwift.git
  SVProgressHUD:
    :commit: 7f676d51905ede045ca5dcaf82d4ba0d9f96addf
    :git: https://github.com/SVProgressHUD/SVProgressHUD.git

SPEC CHECKSUMS:
  AFNetworking: b6f891fdfaed196b46c7a83cf209e09697b94057
  AFViewShaker: fc201fa4c0030e3f4875b9f84ac0763828518b00
  Bolts: ac6567323eac61e203f6a9763667d0f711be34c8
  CSNotificationView: 0792f5220163c2befaf1a9716aa3d5a7d6bd4fb1
  HanekeSwift: cb662a1f22b10ff3ff1d7b5030ae451da5d93831
  IHKeyboardAvoiding: 9fbf816b7c3c84911964802ff110d12caf40ebef
  "NSDate+RelativeTime": 1b03a562615a4496a826e322096e5792e6706612
  OneSignal: 7218a5a787f6685de81bdb487e696439e8c8f59b
  Parse: d3edaf8c7c722cb33cb83ba7821d015ae32d362d
  PhoneNumberKit: 62003f40ff75315fd3738286558bc365365ac222
  SVProgressHUD: 1428aafac632c1f86f62aa4243ec12008d7a51d6
  UIImage-Resize: fa776860f10e6900bbaf53a73e494bdceaaccc77

PODFILE CHECKSUM: 552a46890d32e72be08fd2b1299714e776e52746

COCOAPODS: 1.5.2
